// !$*UTF8*$!
{
	archiveVersion = 1;
	classes = {
	};
	objectVersion = 56;
	objects = {

/* Begin PBXBuildFile section */
		156861CB2C6A1B0100328FC5 /* AppDelegate.swift in Sources */ = {isa = PBXBuildFile; fileRef = 156861CA2C6A1B0100328FC5 /* AppDelegate.swift */; };
		156861CD2C6A1B0100328FC5 /* SceneDelegate.swift in Sources */ = {isa = PBXBuildFile; fileRef = 156861CC2C6A1B0100328FC5 /* SceneDelegate.swift */; };
		156861D22C6A1B0100328FC5 /* Main.storyboard in Resources */ = {isa = PBXBuildFile; fileRef = 156861D02C6A1B0100328FC5 /* Main.storyboard */; };
		156861D42C6A1B0300328FC5 /* Assets.xcassets in Resources */ = {isa = PBXBuildFile; fileRef = 156861D32C6A1B0300328FC5 /* Assets.xcassets */; };
		156861D72C6A1B0300328FC5 /* LaunchScreen.storyboard in Resources */ = {isa = PBXBuildFile; fileRef = 156861D52C6A1B0300328FC5 /* LaunchScreen.storyboard */; };
		156861E12C6A1B7B00328FC5 /* LoadViewController.swift in Sources */ = {isa = PBXBuildFile; fileRef = 156861E02C6A1B7B00328FC5 /* LoadViewController.swift */; };
		156861E42C6A200D00328FC5 /* SnapKit in Frameworks */ = {isa = PBXBuildFile; productRef = 156861E32C6A200D00328FC5 /* SnapKit */; };
		156861E72C6A316200328FC5 /* UserOnbViewController.swift in Sources */ = {isa = PBXBuildFile; fileRef = 156861E62C6A316200328FC5 /* UserOnbViewController.swift */; };
		156861EA2C6A484200328FC5 /* TabBarViewController.swift in Sources */ = {isa = PBXBuildFile; fileRef = 156861E92C6A484200328FC5 /* TabBarViewController.swift */; };
		156861ED2C6A491700328FC5 /* HomeViewController.swift in Sources */ = {isa = PBXBuildFile; fileRef = 156861EC2C6A491700328FC5 /* HomeViewController.swift */; };
		156861EF2C6A884C00328FC5 /* DiagrammeView.swift in Sources */ = {isa = PBXBuildFile; fileRef = 156861EE2C6A884C00328FC5 /* DiagrammeView.swift */; };
		156861F12C6A91AC00328FC5 /* EditDiagramViewController.swift in Sources */ = {isa = PBXBuildFile; fileRef = 156861F02C6A91AC00328FC5 /* EditDiagramViewController.swift */; };
		156861F72C6B7A6400328FC5 /* DetailAddViewController.swift in Sources */ = {isa = PBXBuildFile; fileRef = 156861F62C6B7A6400328FC5 /* DetailAddViewController.swift */; };
		156861F92C6B835600328FC5 /* AddBadHabitsViewController.swift in Sources */ = {isa = PBXBuildFile; fileRef = 156861F82C6B835600328FC5 /* AddBadHabitsViewController.swift */; };
		156861FB2C6B881C00328FC5 /* Model.swift in Sources */ = {isa = PBXBuildFile; fileRef = 156861FA2C6B881C00328FC5 /* Model.swift */; };
		156861FD2C6B961200328FC5 /* NewHabitsViewController.swift in Sources */ = {isa = PBXBuildFile; fileRef = 156861FC2C6B961200328FC5 /* NewHabitsViewController.swift */; };
/* End PBXBuildFile section */

/* Begin PBXFileReference section */
		156861C72C6A1B0100328FC5 /* PariClean.app */ = {isa = PBXFileReference; explicitFileType = wrapper.application; includeInIndex = 0; path = PariClean.app; sourceTree = BUILT_PRODUCTS_DIR; };
		156861CA2C6A1B0100328FC5 /* AppDelegate.swift */ = {isa = PBXFileReference; lastKnownFileType = sourcecode.swift; path = AppDelegate.swift; sourceTree = "<group>"; };
		156861CC2C6A1B0100328FC5 /* SceneDelegate.swift */ = {isa = PBXFileReference; lastKnownFileType = sourcecode.swift; path = SceneDelegate.swift; sourceTree = "<group>"; };
		156861D12C6A1B0100328FC5 /* Base */ = {isa = PBXFileReference; lastKnownFileType = file.storyboard; name = Base; path = Base.lproj/Main.storyboard; sourceTree = "<group>"; };
		156861D32C6A1B0300328FC5 /* Assets.xcassets */ = {isa = PBXFileReference; lastKnownFileType = folder.assetcatalog; path = Assets.xcassets; sourceTree = "<group>"; };
		156861D62C6A1B0300328FC5 /* Base */ = {isa = PBXFileReference; lastKnownFileType = file.storyboard; name = Base; path = Base.lproj/LaunchScreen.storyboard; sourceTree = "<group>"; };
		156861D82C6A1B0300328FC5 /* Info.plist */ = {isa = PBXFileReference; lastKnownFileType = text.plist.xml; path = Info.plist; sourceTree = "<group>"; };
		156861E02C6A1B7B00328FC5 /* LoadViewController.swift */ = {isa = PBXFileReference; lastKnownFileType = sourcecode.swift; path = LoadViewController.swift; sourceTree = "<group>"; };
		156861E62C6A316200328FC5 /* UserOnbViewController.swift */ = {isa = PBXFileReference; lastKnownFileType = sourcecode.swift; path = UserOnbViewController.swift; sourceTree = "<group>"; };
		156861E92C6A484200328FC5 /* TabBarViewController.swift */ = {isa = PBXFileReference; lastKnownFileType = sourcecode.swift; path = TabBarViewController.swift; sourceTree = "<group>"; };
		156861EC2C6A491700328FC5 /* HomeViewController.swift */ = {isa = PBXFileReference; lastKnownFileType = sourcecode.swift; path = HomeViewController.swift; sourceTree = "<group>"; };
		156861EE2C6A884C00328FC5 /* DiagrammeView.swift */ = {isa = PBXFileReference; lastKnownFileType = sourcecode.swift; path = DiagrammeView.swift; sourceTree = "<group>"; };
		156861F02C6A91AC00328FC5 /* EditDiagramViewController.swift */ = {isa = PBXFileReference; lastKnownFileType = sourcecode.swift; path = EditDiagramViewController.swift; sourceTree = "<group>"; };
		156861F62C6B7A6400328FC5 /* DetailAddViewController.swift */ = {isa = PBXFileReference; lastKnownFileType = sourcecode.swift; path = DetailAddViewController.swift; sourceTree = "<group>"; };
		156861F82C6B835600328FC5 /* AddBadHabitsViewController.swift */ = {isa = PBXFileReference; lastKnownFileType = sourcecode.swift; path = AddBadHabitsViewController.swift; sourceTree = "<group>"; };
		156861FA2C6B881C00328FC5 /* Model.swift */ = {isa = PBXFileReference; lastKnownFileType = sourcecode.swift; path = Model.swift; sourceTree = "<group>"; };
		156861FC2C6B961200328FC5 /* NewHabitsViewController.swift */ = {isa = PBXFileReference; lastKnownFileType = sourcecode.swift; path = NewHabitsViewController.swift; sourceTree = "<group>"; };
/* End PBXFileReference section */

/* Begin PBXFrameworksBuildPhase section */
		156861C42C6A1B0100328FC5 /* Frameworks */ = {
			isa = PBXFrameworksBuildPhase;
			buildActionMask = 2147483647;
			files = (
				156861E42C6A200D00328FC5 /* SnapKit in Frameworks */,
			);
			runOnlyForDeploymentPostprocessing = 0;
		};
/* End PBXFrameworksBuildPhase section */

/* Begin PBXGroup section */
		156861BE2C6A1B0100328FC5 = {
			isa = PBXGroup;
			children = (
				156861C92C6A1B0100328FC5 /* PariClean */,
				156861C82C6A1B0100328FC5 /* Products */,
			);
			sourceTree = "<group>";
		};
		156861C82C6A1B0100328FC5 /* Products */ = {
			isa = PBXGroup;
			children = (
				156861C72C6A1B0100328FC5 /* PariClean.app */,
			);
			name = Products;
			sourceTree = "<group>";
		};
		156861C92C6A1B0100328FC5 /* PariClean */ = {
			isa = PBXGroup;
			children = (
				156861EB2C6A486F00328FC5 /* Home */,
				156861E82C6A482C00328FC5 /* Tabbar */,
				156861E52C6A315100328FC5 /* UserOnb */,
				156861DF2C6A1B6F00328FC5 /* Load */,
				156861DE2C6A1B4300328FC5 /* Support */,
				156861D82C6A1B0300328FC5 /* Info.plist */,
			);
			path = PariClean;
			sourceTree = "<group>";
		};
		156861DE2C6A1B4300328FC5 /* Support */ = {
			isa = PBXGroup;
			children = (
				156861CA2C6A1B0100328FC5 /* AppDelegate.swift */,
				156861CC2C6A1B0100328FC5 /* SceneDelegate.swift */,
				156861D02C6A1B0100328FC5 /* Main.storyboard */,
				156861D32C6A1B0300328FC5 /* Assets.xcassets */,
				156861D52C6A1B0300328FC5 /* LaunchScreen.storyboard */,
			);
			path = Support;
			sourceTree = "<group>";
		};
		156861DF2C6A1B6F00328FC5 /* Load */ = {
			isa = PBXGroup;
			children = (
				156861E02C6A1B7B00328FC5 /* LoadViewController.swift */,
			);
			path = Load;
			sourceTree = "<group>";
		};
		156861E52C6A315100328FC5 /* UserOnb */ = {
			isa = PBXGroup;
			children = (
				156861E62C6A316200328FC5 /* UserOnbViewController.swift */,
			);
			path = UserOnb;
			sourceTree = "<group>";
		};
		156861E82C6A482C00328FC5 /* Tabbar */ = {
			isa = PBXGroup;
			children = (
				156861E92C6A484200328FC5 /* TabBarViewController.swift */,
			);
			path = Tabbar;
			sourceTree = "<group>";
		};
		156861EB2C6A486F00328FC5 /* Home */ = {
			isa = PBXGroup;
			children = (
				156861EC2C6A491700328FC5 /* HomeViewController.swift */,
				156861EE2C6A884C00328FC5 /* DiagrammeView.swift */,
				156861F02C6A91AC00328FC5 /* EditDiagramViewController.swift */,
				156861F62C6B7A6400328FC5 /* DetailAddViewController.swift */,
				156861F82C6B835600328FC5 /* AddBadHabitsViewController.swift */,
				156861FA2C6B881C00328FC5 /* Model.swift */,
				156861FC2C6B961200328FC5 /* NewHabitsViewController.swift */,
			);
			path = Home;
			sourceTree = "<group>";
		};
/* End PBXGroup section */

/* Begin PBXNativeTarget section */
		156861C62C6A1B0100328FC5 /* PariClean */ = {
			isa = PBXNativeTarget;
			buildConfigurationList = 156861DB2C6A1B0300328FC5 /* Build configuration list for PBXNativeTarget "PariClean" */;
			buildPhases = (
				156861C32C6A1B0100328FC5 /* Sources */,
				156861C42C6A1B0100328FC5 /* Frameworks */,
				156861C52C6A1B0100328FC5 /* Resources */,
			);
			buildRules = (
			);
			dependencies = (
			);
			name = PariClean;
			packageProductDependencies = (
				156861E32C6A200D00328FC5 /* SnapKit */,
			);
			productName = PariClean;
			productReference = 156861C72C6A1B0100328FC5 /* PariClean.app */;
			productType = "com.apple.product-type.application";
		};
/* End PBXNativeTarget section */

/* Begin PBXProject section */
		156861BF2C6A1B0100328FC5 /* Project object */ = {
			isa = PBXProject;
			attributes = {
				BuildIndependentTargetsInParallel = 1;
				LastSwiftUpdateCheck = 1520;
				LastUpgradeCheck = 1520;
				TargetAttributes = {
					156861C62C6A1B0100328FC5 = {
						CreatedOnToolsVersion = 15.2;
					};
				};
			};
			buildConfigurationList = 156861C22C6A1B0100328FC5 /* Build configuration list for PBXProject "PariClean" */;
			compatibilityVersion = "Xcode 14.0";
			developmentRegion = en;
			hasScannedForEncodings = 0;
			knownRegions = (
				en,
				Base,
			);
			mainGroup = 156861BE2C6A1B0100328FC5;
			packageReferences = (
				156861E22C6A200D00328FC5 /* XCRemoteSwiftPackageReference "SnapKit" */,
			);
			productRefGroup = 156861C82C6A1B0100328FC5 /* Products */;
			projectDirPath = "";
			projectRoot = "";
			targets = (
				156861C62C6A1B0100328FC5 /* PariClean */,
			);
		};
/* End PBXProject section */

/* Begin PBXResourcesBuildPhase section */
		156861C52C6A1B0100328FC5 /* Resources */ = {
			isa = PBXResourcesBuildPhase;
			buildActionMask = 2147483647;
			files = (
				156861D72C6A1B0300328FC5 /* LaunchScreen.storyboard in Resources */,
				156861D42C6A1B0300328FC5 /* Assets.xcassets in Resources */,
				156861D22C6A1B0100328FC5 /* Main.storyboard in Resources */,
			);
			runOnlyForDeploymentPostprocessing = 0;
		};
/* End PBXResourcesBuildPhase section */

/* Begin PBXSourcesBuildPhase section */
		156861C32C6A1B0100328FC5 /* Sources */ = {
			isa = PBXSourcesBuildPhase;
			buildActionMask = 2147483647;
			files = (
				156861F92C6B835600328FC5 /* AddBadHabitsViewController.swift in Sources */,
				156861E12C6A1B7B00328FC5 /* LoadViewController.swift in Sources */,
				156861CB2C6A1B0100328FC5 /* AppDelegate.swift in Sources */,
				156861CD2C6A1B0100328FC5 /* SceneDelegate.swift in Sources */,
				156861FD2C6B961200328FC5 /* NewHabitsViewController.swift in Sources */,
				156861F72C6B7A6400328FC5 /* DetailAddViewController.swift in Sources */,
				156861EA2C6A484200328FC5 /* TabBarViewController.swift in Sources */,
				156861F12C6A91AC00328FC5 /* EditDiagramViewController.swift in Sources */,
				156861EF2C6A884C00328FC5 /* DiagrammeView.swift in Sources */,
				156861FB2C6B881C00328FC5 /* Model.swift in Sources */,
				156861E72C6A316200328FC5 /* UserOnbViewController.swift in Sources */,
				156861ED2C6A491700328FC5 /* HomeViewController.swift in Sources */,
			);
			runOnlyForDeploymentPostprocessing = 0;
		};
/* End PBXSourcesBuildPhase section */

/* Begin PBXVariantGroup section */
		156861D02C6A1B0100328FC5 /* Main.storyboard */ = {
			isa = PBXVariantGroup;
			children = (
				156861D12C6A1B0100328FC5 /* Base */,
			);
			name = Main.storyboard;
			sourceTree = "<group>";
		};
		156861D52C6A1B0300328FC5 /* LaunchScreen.storyboard */ = {
			isa = PBXVariantGroup;
			children = (
				156861D62C6A1B0300328FC5 /* Base */,
			);
			name = LaunchScreen.storyboard;
			sourceTree = "<group>";
		};
/* End PBXVariantGroup section */

/* Begin XCBuildConfiguration section */
		156861D92C6A1B0300328FC5 /* Debug */ = {
			isa = XCBuildConfiguration;
			buildSettings = {
				ALWAYS_SEARCH_USER_PATHS = NO;
				ASSETCATALOG_COMPILER_GENERATE_SWIFT_ASSET_SYMBOL_EXTENSIONS = YES;
				CLANG_ANALYZER_NONNULL = YES;
				CLANG_ANALYZER_NUMBER_OBJECT_CONVERSION = YES_AGGRESSIVE;
				CLANG_CXX_LANGUAGE_STANDARD = "gnu++20";
				CLANG_ENABLE_MODULES = YES;
				CLANG_ENABLE_OBJC_ARC = YES;
				CLANG_ENABLE_OBJC_WEAK = YES;
				CLANG_WARN_BLOCK_CAPTURE_AUTORELEASING = YES;
				CLANG_WARN_BOOL_CONVERSION = YES;
				CLANG_WARN_COMMA = YES;
				CLANG_WARN_CONSTANT_CONVERSION = YES;
				CLANG_WARN_DEPRECATED_OBJC_IMPLEMENTATIONS = YES;
				CLANG_WARN_DIRECT_OBJC_ISA_USAGE = YES_ERROR;
				CLANG_WARN_DOCUMENTATION_COMMENTS = YES;
				CLANG_WARN_EMPTY_BODY = YES;
				CLANG_WARN_ENUM_CONVERSION = YES;
				CLANG_WARN_INFINITE_RECURSION = YES;
				CLANG_WARN_INT_CONVERSION = YES;
				CLANG_WARN_NON_LITERAL_NULL_CONVERSION = YES;
				CLANG_WARN_OBJC_IMPLICIT_RETAIN_SELF = YES;
				CLANG_WARN_OBJC_LITERAL_CONVERSION = YES;
				CLANG_WARN_OBJC_ROOT_CLASS = YES_ERROR;
				CLANG_WARN_QUOTED_INCLUDE_IN_FRAMEWORK_HEADER = YES;
				CLANG_WARN_RANGE_LOOP_ANALYSIS = YES;
				CLANG_WARN_STRICT_PROTOTYPES = YES;
				CLANG_WARN_SUSPICIOUS_MOVE = YES;
				CLANG_WARN_UNGUARDED_AVAILABILITY = YES_AGGRESSIVE;
				CLANG_WARN_UNREACHABLE_CODE = YES;
				CLANG_WARN__DUPLICATE_METHOD_MATCH = YES;
				COPY_PHASE_STRIP = NO;
				DEBUG_INFORMATION_FORMAT = dwarf;
				ENABLE_STRICT_OBJC_MSGSEND = YES;
				ENABLE_TESTABILITY = YES;
				ENABLE_USER_SCRIPT_SANDBOXING = YES;
				GCC_C_LANGUAGE_STANDARD = gnu17;
				GCC_DYNAMIC_NO_PIC = NO;
				GCC_NO_COMMON_BLOCKS = YES;
				GCC_OPTIMIZATION_LEVEL = 0;
				GCC_PREPROCESSOR_DEFINITIONS = (
					"DEBUG=1",
					"$(inherited)",
				);
				GCC_WARN_64_TO_32_BIT_CONVERSION = YES;
				GCC_WARN_ABOUT_RETURN_TYPE = YES_ERROR;
				GCC_WARN_UNDECLARED_SELECTOR = YES;
				GCC_WARN_UNINITIALIZED_AUTOS = YES_AGGRESSIVE;
				GCC_WARN_UNUSED_FUNCTION = YES;
				GCC_WARN_UNUSED_VARIABLE = YES;
				IPHONEOS_DEPLOYMENT_TARGET = 17.2;
				LOCALIZATION_PREFERS_STRING_CATALOGS = YES;
				MTL_ENABLE_DEBUG_INFO = INCLUDE_SOURCE;
				MTL_FAST_MATH = YES;
				ONLY_ACTIVE_ARCH = YES;
				SDKROOT = iphoneos;
				SWIFT_ACTIVE_COMPILATION_CONDITIONS = "DEBUG $(inherited)";
				SWIFT_OPTIMIZATION_LEVEL = "-Onone";
			};
			name = Debug;
		};
		156861DA2C6A1B0300328FC5 /* Release */ = {
			isa = XCBuildConfiguration;
			buildSettings = {
				ALWAYS_SEARCH_USER_PATHS = NO;
				ASSETCATALOG_COMPILER_GENERATE_SWIFT_ASSET_SYMBOL_EXTENSIONS = YES;
				CLANG_ANALYZER_NONNULL = YES;
				CLANG_ANALYZER_NUMBER_OBJECT_CONVERSION = YES_AGGRESSIVE;
				CLANG_CXX_LANGUAGE_STANDARD = "gnu++20";
				CLANG_ENABLE_MODULES = YES;
				CLANG_ENABLE_OBJC_ARC = YES;
				CLANG_ENABLE_OBJC_WEAK = YES;
				CLANG_WARN_BLOCK_CAPTURE_AUTORELEASING = YES;
				CLANG_WARN_BOOL_CONVERSION = YES;
				CLANG_WARN_COMMA = YES;
				CLANG_WARN_CONSTANT_CONVERSION = YES;
				CLANG_WARN_DEPRECATED_OBJC_IMPLEMENTATIONS = YES;
				CLANG_WARN_DIRECT_OBJC_ISA_USAGE = YES_ERROR;
				CLANG_WARN_DOCUMENTATION_COMMENTS = YES;
				CLANG_WARN_EMPTY_BODY = YES;
				CLANG_WARN_ENUM_CONVERSION = YES;
				CLANG_WARN_INFINITE_RECURSION = YES;
				CLANG_WARN_INT_CONVERSION = YES;
				CLANG_WARN_NON_LITERAL_NULL_CONVERSION = YES;
				CLANG_WARN_OBJC_IMPLICIT_RETAIN_SELF = YES;
				CLANG_WARN_OBJC_LITERAL_CONVERSION = YES;
				CLANG_WARN_OBJC_ROOT_CLASS = YES_ERROR;
				CLANG_WARN_QUOTED_INCLUDE_IN_FRAMEWORK_HEADER = YES;
				CLANG_WARN_RANGE_LOOP_ANALYSIS = YES;
				CLANG_WARN_STRICT_PROTOTYPES = YES;
				CLANG_WARN_SUSPICIOUS_MOVE = YES;
				CLANG_WARN_UNGUARDED_AVAILABILITY = YES_AGGRESSIVE;
				CLANG_WARN_UNREACHABLE_CODE = YES;
				CLANG_WARN__DUPLICATE_METHOD_MATCH = YES;
				COPY_PHASE_STRIP = NO;
				DEBUG_INFORMATION_FORMAT = "dwarf-with-dsym";
				ENABLE_NS_ASSERTIONS = NO;
				ENABLE_STRICT_OBJC_MSGSEND = YES;
				ENABLE_USER_SCRIPT_SANDBOXING = YES;
				GCC_C_LANGUAGE_STANDARD = gnu17;
				GCC_NO_COMMON_BLOCKS = YES;
				GCC_WARN_64_TO_32_BIT_CONVERSION = YES;
				GCC_WARN_ABOUT_RETURN_TYPE = YES_ERROR;
				GCC_WARN_UNDECLARED_SELECTOR = YES;
				GCC_WARN_UNINITIALIZED_AUTOS = YES_AGGRESSIVE;
				GCC_WARN_UNUSED_FUNCTION = YES;
				GCC_WARN_UNUSED_VARIABLE = YES;
				IPHONEOS_DEPLOYMENT_TARGET = 17.2;
				LOCALIZATION_PREFERS_STRING_CATALOGS = YES;
				MTL_ENABLE_DEBUG_INFO = NO;
				MTL_FAST_MATH = YES;
				SDKROOT = iphoneos;
				SWIFT_COMPILATION_MODE = wholemodule;
				VALIDATE_PRODUCT = YES;
			};
			name = Release;
		};
		156861DC2C6A1B0300328FC5 /* Debug */ = {
			isa = XCBuildConfiguration;
			buildSettings = {
				ASSETCATALOG_COMPILER_APPICON_NAME = AppIcon;
				ASSETCATALOG_COMPILER_GLOBAL_ACCENT_COLOR_NAME = AccentColor;
				CODE_SIGN_STYLE = Automatic;
				CURRENT_PROJECT_VERSION = 1;
				GENERATE_INFOPLIST_FILE = YES;
				INFOPLIST_FILE = PariClean/Info.plist;
				INFOPLIST_KEY_CFBundleDisplayName = PariClean;
				INFOPLIST_KEY_UIApplicationSupportsIndirectInputEvents = YES;
				INFOPLIST_KEY_UILaunchStoryboardName = LaunchScreen;
				INFOPLIST_KEY_UISupportedInterfaceOrientations_iPad = "UIInterfaceOrientationPortrait UIInterfaceOrientationPortraitUpsideDown UIInterfaceOrientationLandscapeLeft UIInterfaceOrientationLandscapeRight";
				INFOPLIST_KEY_UISupportedInterfaceOrientations_iPhone = "UIInterfaceOrientationPortrait UIInterfaceOrientationLandscapeLeft UIInterfaceOrientationLandscapeRight";
				IPHONEOS_DEPLOYMENT_TARGET = 13.0;
				LD_RUNPATH_SEARCH_PATHS = (
					"$(inherited)",
					"@executable_path/Frameworks",
				);
				MARKETING_VERSION = 1.0;
				PRODUCT_BUNDLE_IDENTIFIER = k.PariClean;
				PRODUCT_NAME = "$(TARGET_NAME)";
				SUPPORTED_PLATFORMS = "iphoneos iphonesimulator";
				SUPPORTS_MACCATALYST = NO;
				SUPPORTS_XR_DESIGNED_FOR_IPHONE_IPAD = NO;
				SWIFT_EMIT_LOC_STRINGS = YES;
				SWIFT_VERSION = 5.0;
				TARGETED_DEVICE_FAMILY = "1,2";
			};
			name = Debug;
		};
		156861DD2C6A1B0300328FC5 /* Release */ = {
			isa = XCBuildConfiguration;
			buildSettings = {
				ASSETCATALOG_COMPILER_APPICON_NAME = AppIcon;
				ASSETCATALOG_COMPILER_GLOBAL_ACCENT_COLOR_NAME = AccentColor;
				CODE_SIGN_STYLE = Automatic;
				CURRENT_PROJECT_VERSION = 1;
				GENERATE_INFOPLIST_FILE = YES;
				INFOPLIST_FILE = PariClean/Info.plist;
				INFOPLIST_KEY_CFBundleDisplayName = PariClean;
				INFOPLIST_KEY_UIApplicationSupportsIndirectInputEvents = YES;
				INFOPLIST_KEY_UILaunchStoryboardName = LaunchScreen;
				INFOPLIST_KEY_UISupportedInterfaceOrientations_iPad = "UIInterfaceOrientationPortrait UIInterfaceOrientationPortraitUpsideDown UIInterfaceOrientationLandscapeLeft UIInterfaceOrientationLandscapeRight";
				INFOPLIST_KEY_UISupportedInterfaceOrientations_iPhone = "UIInterfaceOrientationPortrait UIInterfaceOrientationLandscapeLeft UIInterfaceOrientationLandscapeRight";
				IPHONEOS_DEPLOYMENT_TARGET = 13.0;
				LD_RUNPATH_SEARCH_PATHS = (
					"$(inherited)",
					"@executable_path/Frameworks",
				);
				MARKETING_VERSION = 1.0;
				PRODUCT_BUNDLE_IDENTIFIER = k.PariClean;
				PRODUCT_NAME = "$(TARGET_NAME)";
				SUPPORTED_PLATFORMS = "iphoneos iphonesimulator";
				SUPPORTS_MACCATALYST = NO;
				SUPPORTS_XR_DESIGNED_FOR_IPHONE_IPAD = NO;
				SWIFT_EMIT_LOC_STRINGS = YES;
				SWIFT_VERSION = 5.0;
				TARGETED_DEVICE_FAMILY = "1,2";
			};
			name = Release;
		};
/* End XCBuildConfiguration section */

/* Begin XCConfigurationList section */
		156861C22C6A1B0100328FC5 /* Build configuration list for PBXProject "PariClean" */ = {
			isa = XCConfigurationList;
			buildConfigurations = (
				156861D92C6A1B0300328FC5 /* Debug */,
				156861DA2C6A1B0300328FC5 /* Release */,
			);
			defaultConfigurationIsVisible = 0;
			defaultConfigurationName = Release;
		};
		156861DB2C6A1B0300328FC5 /* Build configuration list for PBXNativeTarget "PariClean" */ = {
			isa = XCConfigurationList;
			buildConfigurations = (
				156861DC2C6A1B0300328FC5 /* Debug */,
				156861DD2C6A1B0300328FC5 /* Release */,
			);
			defaultConfigurationIsVisible = 0;
			defaultConfigurationName = Release;
		};
/* End XCConfigurationList section */

/* Begin XCRemoteSwiftPackageReference section */
		156861E22C6A200D00328FC5 /* XCRemoteSwiftPackageReference "SnapKit" */ = {
			isa = XCRemoteSwiftPackageReference;
			repositoryURL = "https://github.com/SnapKit/SnapKit";
			requirement = {
				kind = upToNextMajorVersion;
				minimumVersion = 5.7.1;
			};
		};
/* End XCRemoteSwiftPackageReference section */

/* Begin XCSwiftPackageProductDependency section */
		156861E32C6A200D00328FC5 /* SnapKit */ = {
			isa = XCSwiftPackageProductDependency;
			package = 156861E22C6A200D00328FC5 /* XCRemoteSwiftPackageReference "SnapKit" */;
			productName = SnapKit;
		};
/* End XCSwiftPackageProductDependency section */
	};
	rootObject = 156861BF2C6A1B0100328FC5 /* Project object */;
}
